<?xml version="1.0" encoding="utf-8"?>
<Project ToolsVersion="4.0" xmlns="http://schemas.microsoft.com/developer/msbuild/2003">
  <ItemGroup>
    <Filter Include="Source Files">
      <UniqueIdentifier>{4FC737F1-C7A5-4376-A066-2A32D752A2FF}</UniqueIdentifier>
      <Extensions>cpp;cxx;c;def</Extensions>
    </Filter>
    <Filter Include="Header Files">
      <UniqueIdentifier>{93995380-89BD-4b04-88EB-625FBE52EBFB}</UniqueIdentifier>
      <Extensions>h</Extensions>
    </Filter>
    <Filter Include="Form Files">
      <UniqueIdentifier>{99349809-55BA-4b9d-BF79-8FDBB0286EB3}</UniqueIdentifier>
      <Extensions>ui</Extensions>
    </Filter>
    <Filter Include="Resource Files">
      <UniqueIdentifier>{D9D6E242-F8AF-46E4-B9FD-80ECBC20BA3E}</UniqueIdentifier>
      <Extensions>qrc;*</Extensions>
      <ParseFiles>false</ParseFiles>
    </Filter>
    <Filter Include="Generated Files">
      <UniqueIdentifier>{71ED8ED8-ACB9-4CE9-BBE1-E00B30144E11}</UniqueIdentifier>
      <Extensions>moc;h;cpp</Extensions>
      <SourceControlFiles>False</SourceControlFiles>
    </Filter>
    <Filter Include="Generated Files\Debug">
      <UniqueIdentifier>{454ffd91-f3b3-4ed1-8485-795d78313167}</UniqueIdentifier>
      <Extensions>cpp;moc</Extensions>
      <SourceControlFiles>False</SourceControlFiles>
    </Filter>
    <Filter Include="Generated Files\Release">
      <UniqueIdentifier>{907326ea-e469-4bfd-aab9-eca0b3932423}</UniqueIdentifier>
      <Extensions>cpp;moc</Extensions>
      <SourceControlFiles>False</SourceControlFiles>
    </Filter>
    <Filter Include="doc">
      <UniqueIdentifier>{e6030862-ec06-4f68-9c1c-1bc494fe73e9}</UniqueIdentifier>
    </Filter>
    <Filter Include="image">
      <UniqueIdentifier>{7aefee3b-4394-4966-8f98-fb29b7b70406}</UniqueIdentifier>
    </Filter>
    <Filter Include="Source Files\gui">
      <UniqueIdentifier>{e37e8a20-6670-43b6-b3de-428636dc7588}</UniqueIdentifier>
    </Filter>
    <Filter Include="Source Files\core">
      <UniqueIdentifier>{5e0500e7-3818-4a0c-bc0f-a56632d35d40}</UniqueIdentifier>
    </Filter>
    <Filter Include="Header Files\core">
      <UniqueIdentifier>{17ccdd46-387a-4b47-b060-f7cca29c4137}</UniqueIdentifier>
    </Filter>
    <Filter Include="Header Files\gui">
      <UniqueIdentifier>{c263aff0-f709-43e0-a872-c4179047ee56}</UniqueIdentifier>
    </Filter>
    <Filter Include="Header Files\cv">
      <UniqueIdentifier>{52c8a45e-811f-44a2-8cfb-f70618b8bac5}</UniqueIdentifier>
    </Filter>
    <Filter Include="Source Files\cv">
      <UniqueIdentifier>{5405e90a-3484-491c-bbe1-603b3bfd3481}</UniqueIdentifier>
    </Filter>
  </ItemGroup>
  <ItemGroup>
    <ClCompile Include="main.cpp">
      <Filter>Source Files</Filter>
    </ClCompile>
    <ClCompile Include="GeneratedFiles\qrc_tjems2.cpp">
      <Filter>Generated Files</Filter>
    </ClCompile>
    <ClCompile Include="GeneratedFiles\Debug\moc_bottomwnd.cpp">
      <Filter>Generated Files\Debug</Filter>
    </ClCompile>
    <ClCompile Include="GeneratedFiles\Release\moc_bottomwnd.cpp">
      <Filter>Generated Files\Release</Filter>
    </ClCompile>
    <ClCompile Include="GeneratedFiles\Debug\moc_toolimage.cpp">
      <Filter>Generated Files\Debug</Filter>
    </ClCompile>
    <ClCompile Include="GeneratedFiles\Release\moc_toolimage.cpp">
      <Filter>Generated Files\Release</Filter>
    </ClCompile>
    <ClCompile Include="globaldata.cpp">
      <Filter>Source Files</Filter>
    </ClCompile>
    <ClCompile Include="GeneratedFiles\Debug\moc_mainwindow.cpp">
      <Filter>Generated Files\Debug</Filter>
    </ClCompile>
    <ClCompile Include="GeneratedFiles\Release\moc_mainwindow.cpp">
      <Filter>Generated Files\Release</Filter>
    </ClCompile>
    <ClCompile Include="GeneratedFiles\Debug\moc_toolpan.cpp">
      <Filter>Generated Files\Debug</Filter>
    </ClCompile>
    <ClCompile Include="GeneratedFiles\Release\moc_toolpan.cpp">
      <Filter>Generated Files\Release</Filter>
    </ClCompile>
    <ClCompile Include="GeneratedFiles\Debug\moc_toolstudyarea.cpp">
      <Filter>Generated Files\Debug</Filter>
    </ClCompile>
    <ClCompile Include="GeneratedFiles\Release\moc_toolstudyarea.cpp">
      <Filter>Generated Files\Release</Filter>
    </ClCompile>
    <ClCompile Include="GeneratedFiles\Debug\moc_toollooparea.cpp">
      <Filter>Generated Files\Debug</Filter>
    </ClCompile>
    <ClCompile Include="GeneratedFiles\Release\moc_toollooparea.cpp">
      <Filter>Generated Files\Release</Filter>
    </ClCompile>
    <ClCompile Include="GeneratedFiles\Debug\moc_tooldeleteloopdetector.cpp">
      <Filter>Generated Files\Debug</Filter>
    </ClCompile>
    <ClCompile Include="GeneratedFiles\Release\moc_tooldeleteloopdetector.cpp">
      <Filter>Generated Files\Release</Filter>
    </ClCompile>
    <ClCompile Include="GeneratedFiles\Debug\moc_toolbicycleheadway.cpp">
      <Filter>Generated Files\Debug</Filter>
    </ClCompile>
    <ClCompile Include="GeneratedFiles\Release\moc_toolbicycleheadway.cpp">
      <Filter>Generated Files\Release</Filter>
    </ClCompile>
    <ClCompile Include="GeneratedFiles\Debug\moc_loopdetector.cpp">
      <Filter>Generated Files\Debug</Filter>
    </ClCompile>
    <ClCompile Include="GeneratedFiles\Release\moc_loopdetector.cpp">
      <Filter>Generated Files\Release</Filter>
    </ClCompile>
    <ClCompile Include="GeneratedFiles\Debug\moc_matwnd.cpp">
      <Filter>Generated Files\Debug</Filter>
    </ClCompile>
    <ClCompile Include="GeneratedFiles\Release\moc_matwnd.cpp">
      <Filter>Generated Files\Release</Filter>
    </ClCompile>
    <ClCompile Include="GeneratedFiles\Debug\moc_progressdlg.cpp">
      <Filter>Generated Files\Debug</Filter>
    </ClCompile>
    <ClCompile Include="GeneratedFiles\Release\moc_progressdlg.cpp">
      <Filter>Generated Files\Release</Filter>
    </ClCompile>
    <ClCompile Include="GeneratedFiles\Debug\moc_plotwnd.cpp">
      <Filter>Generated Files\Debug</Filter>
    </ClCompile>
    <ClCompile Include="GeneratedFiles\Release\moc_plotwnd.cpp">
      <Filter>Generated Files\Release</Filter>
    </ClCompile>
    <ClCompile Include="GeneratedFiles\Debug\moc_qcustomplot.cpp">
      <Filter>Generated Files\Debug</Filter>
    </ClCompile>
    <ClCompile Include="GeneratedFiles\Release\moc_qcustomplot.cpp">
      <Filter>Generated Files\Release</Filter>
    </ClCompile>
    <ClCompile Include="toolbicycleheadway.cpp">
      <Filter>Source Files\core</Filter>
    </ClCompile>
    <ClCompile Include="toolstudyarea.cpp">
      <Filter>Source Files\core</Filter>
    </ClCompile>
    <ClCompile Include="tooldeleteloopdetector.cpp">
      <Filter>Source Files\core</Filter>
    </ClCompile>
    <ClCompile Include="toolimage.cpp">
      <Filter>Source Files\core</Filter>
    </ClCompile>
    <ClCompile Include="toollooparea.cpp">
      <Filter>Source Files\core</Filter>
    </ClCompile>
    <ClCompile Include="toolpan.cpp">
      <Filter>Source Files\core</Filter>
    </ClCompile>
    <ClCompile Include="bottomwnd.cpp">
      <Filter>Source Files\gui</Filter>
    </ClCompile>
    <ClCompile Include="progressdlg.cpp">
      <Filter>Source Files\gui</Filter>
    </ClCompile>
    <ClCompile Include="plotwnd.cpp">
      <Filter>Source Files\gui</Filter>
    </ClCompile>
    <ClCompile Include="matwnd.cpp">
      <Filter>Source Files\gui</Filter>
    </ClCompile>
    <ClCompile Include="mainwindow.cpp">
      <Filter>Source Files\gui</Filter>
    </ClCompile>
    <ClCompile Include="loopdetector.cpp">
      <Filter>Source Files\core</Filter>
    </ClCompile>
    <ClCompile Include="videoframeitem.cpp">
      <Filter>Source Files\core</Filter>
    </ClCompile>
    <ClCompile Include="qcustomplot.cpp">
      <Filter>Source Files\core</Filter>
    </ClCompile>
    <ClCompile Include="GeneratedFiles\Debug\moc_toolcoordinateaxis.cpp">
      <Filter>Generated Files\Debug</Filter>
    </ClCompile>
    <ClCompile Include="GeneratedFiles\Release\moc_toolcoordinateaxis.cpp">
      <Filter>Generated Files\Release</Filter>
    </ClCompile>
    <ClCompile Include="toolcoordinateaxis.cpp">
      <Filter>Source Files\core</Filter>
    </ClCompile>
    <ClCompile Include="GeneratedFiles\Debug\moc_toolcontrolpoint.cpp">
      <Filter>Generated Files\Debug</Filter>
    </ClCompile>
    <ClCompile Include="GeneratedFiles\Release\moc_toolcontrolpoint.cpp">
      <Filter>Generated Files\Release</Filter>
    </ClCompile>
    <ClCompile Include="toolcontrolpoint.cpp">
      <Filter>Source Files\core</Filter>
    </ClCompile>
    <ClCompile Include="GeneratedFiles\Debug\moc_tooleditcontrolpoint.cpp">
      <Filter>Generated Files\Debug</Filter>
    </ClCompile>
    <ClCompile Include="GeneratedFiles\Release\moc_tooleditcontrolpoint.cpp">
      <Filter>Generated Files\Release</Filter>
    </ClCompile>
    <ClCompile Include="tooleditcontrolpoint.cpp">
      <Filter>Source Files\core</Filter>
    </ClCompile>
    <ClCompile Include="GeneratedFiles\Debug\moc_coordinateedtwnd.cpp">
      <Filter>Generated Files\Debug</Filter>
    </ClCompile>
    <ClCompile Include="GeneratedFiles\Release\moc_coordinateedtwnd.cpp">
      <Filter>Generated Files\Release</Filter>
    </ClCompile>
    <ClCompile Include="coordinateedtwnd.cpp">
      <Filter>Source Files\gui</Filter>
    </ClCompile>
    <ClCompile Include="videoexploreview.cpp">
      <Filter>Source Files\gui</Filter>
    </ClCompile>
    <ClCompile Include="GeneratedFiles\Debug\moc_videoexploreview.cpp">
      <Filter>Generated Files\Debug</Filter>
    </ClCompile>
    <ClCompile Include="GeneratedFiles\Release\moc_videoexploreview.cpp">
      <Filter>Generated Files\Release</Filter>
    </ClCompile>
    <ClCompile Include="toolsemitracking.cpp">
      <Filter>Source Files\core</Filter>
    </ClCompile>
    <ClCompile Include="GeneratedFiles\Debug\moc_toolsemitracking.cpp">
      <Filter>Generated Files\Debug</Filter>
    </ClCompile>
    <ClCompile Include="GeneratedFiles\Release\moc_toolsemitracking.cpp">
      <Filter>Generated Files\Release</Filter>
    </ClCompile>
    <ClCompile Include="newprojectdlg.cpp">
      <Filter>Source Files\gui</Filter>
    </ClCompile>
    <ClCompile Include="GeneratedFiles\Debug\moc_newprojectdlg.cpp">
      <Filter>Generated Files\Debug</Filter>
    </ClCompile>
    <ClCompile Include="GeneratedFiles\Release\moc_newprojectdlg.cpp">
      <Filter>Generated Files\Release</Filter>
    </ClCompile>
    <ClCompile Include="videosemitrackview.cpp">
      <Filter>Source Files\gui</Filter>
    </ClCompile>
    <ClCompile Include="GeneratedFiles\Debug\moc_videosemitrackview.cpp">
      <Filter>Generated Files\Debug</Filter>
    </ClCompile>
    <ClCompile Include="GeneratedFiles\Release\moc_videosemitrackview.cpp">
      <Filter>Generated Files\Release</Filter>
    </ClCompile>
    <ClCompile Include="GeneratedFiles\Debug\moc_videolooptrackview.cpp">
      <Filter>Generated Files\Debug</Filter>
    </ClCompile>
    <ClCompile Include="GeneratedFiles\Release\moc_videolooptrackview.cpp">
      <Filter>Generated Files\Release</Filter>
    </ClCompile>
    <ClCompile Include="videolooptrackview.cpp">
      <Filter>Source Files\gui</Filter>
    </ClCompile>
    <ClCompile Include="GeneratedFiles\Debug\moc_videoviewbase.cpp">
      <Filter>Generated Files\Debug</Filter>
    </ClCompile>
    <ClCompile Include="GeneratedFiles\Release\moc_videoviewbase.cpp">
      <Filter>Generated Files\Release</Filter>
    </ClCompile>
    <ClCompile Include="videoviewbase.cpp">
      <Filter>Source Files\gui</Filter>
    </ClCompile>
    <ClCompile Include="projectfile.cpp">
      <Filter>Source Files\core</Filter>
    </ClCompile>
    <ClCompile Include="GeneratedFiles\Debug\moc_toolmovetrackmark.cpp">
      <Filter>Generated Files\Debug</Filter>
    </ClCompile>
    <ClCompile Include="GeneratedFiles\Release\moc_toolmovetrackmark.cpp">
      <Filter>Generated Files\Release</Filter>
    </ClCompile>
    <ClCompile Include="toolmovetrackmark.cpp">
      <Filter>Source Files\core</Filter>
    </ClCompile>
    <ClCompile Include="GeneratedFiles\Debug\moc_tooldeletetrackmark.cpp">
      <Filter>Generated Files\Debug</Filter>
    </ClCompile>
    <ClCompile Include="GeneratedFiles\Release\moc_tooldeletetrackmark.cpp">
      <Filter>Generated Files\Release</Filter>
    </ClCompile>
    <ClCompile Include="tooldeletetrackmark.cpp">
      <Filter>Source Files\core</Filter>
    </ClCompile>
    <ClCompile Include="tooledittrackmark.cpp">
      <Filter>Source Files\core</Filter>
    </ClCompile>
    <ClCompile Include="GeneratedFiles\Debug\moc_tooledittrackmark.cpp">
      <Filter>Generated Files\Debug</Filter>
    </ClCompile>
    <ClCompile Include="GeneratedFiles\Release\moc_tooledittrackmark.cpp">
      <Filter>Generated Files\Release</Filter>
    </ClCompile>
    <ClCompile Include="toolcopytrackmark.cpp">
      <Filter>Source Files\core</Filter>
    </ClCompile>
    <ClCompile Include="GeneratedFiles\Debug\moc_toolcopytrackmark.cpp">
      <Filter>Generated Files\Debug</Filter>
    </ClCompile>
    <ClCompile Include="GeneratedFiles\Release\moc_toolcopytrackmark.cpp">
      <Filter>Generated Files\Release</Filter>
    </ClCompile>
    <ClCompile Include="trajectorypoint.cpp">
      <Filter>Source Files\core</Filter>
    </ClCompile>
    <ClCompile Include="trajedtdlg.cpp">
      <Filter>Source Files\gui</Filter>
    </ClCompile>
    <ClCompile Include="GeneratedFiles\Debug\moc_trajedtdlg.cpp">
      <Filter>Generated Files\Debug</Filter>
    </ClCompile>
    <ClCompile Include="GeneratedFiles\Release\moc_trajedtdlg.cpp">
      <Filter>Generated Files\Release</Filter>
    </ClCompile>
  </ItemGroup>
  <ItemGroup>
    <CustomBuild Include="tjems2.qrc">
      <Filter>Resource Files</Filter>
    </CustomBuild>
    <CustomBuild Include="ui\bottomwnd.ui">
      <Filter>Form Files</Filter>
    </CustomBuild>
    <CustomBuild Include="ui\globalsettingdlg.ui">
      <Filter>Form Files</Filter>
    </CustomBuild>
    <CustomBuild Include="ui\mainwindow.ui">
      <Filter>Form Files</Filter>
    </CustomBuild>
    <CustomBuild Include="ui\resolutionmeasuredlg.ui">
      <Filter>Form Files</Filter>
    </CustomBuild>
    <CustomBuild Include="globaldata.h">
      <Filter>Header Files</Filter>
    </CustomBuild>
    <CustomBuild Include="ui\matwnd.ui">
      <Filter>Form Files</Filter>
    </CustomBuild>
    <CustomBuild Include="ui\progressdlg.ui">
      <Filter>Form Files</Filter>
    </CustomBuild>
    <CustomBuild Include="ui\plotwnd.ui">
      <Filter>Form Files</Filter>
    </CustomBuild>
    <CustomBuild Include="toolbicycleheadway.h">
      <Filter>Header Files\core</Filter>
    </CustomBuild>
    <CustomBuild Include="toolpan.h">
      <Filter>Header Files\core</Filter>
    </CustomBuild>
    <CustomBuild Include="tooldeleteloopdetector.h">
      <Filter>Header Files\core</Filter>
    </CustomBuild>
    <CustomBuild Include="toolimage.h">
      <Filter>Header Files\core</Filter>
    </CustomBuild>
    <CustomBuild Include="toollooparea.h">
      <Filter>Header Files\core</Filter>
    </CustomBuild>
    <CustomBuild Include="plotwnd.h">
      <Filter>Header Files\gui</Filter>
    </CustomBuild>
    <CustomBuild Include="matwnd.h">
      <Filter>Header Files\gui</Filter>
    </CustomBuild>
    <CustomBuild Include="mainwindow.h">
      <Filter>Header Files\gui</Filter>
    </CustomBuild>
    <CustomBuild Include="progressdlg.h">
      <Filter>Header Files\gui</Filter>
    </CustomBuild>
    <CustomBuild Include="toolstudyarea.h">
      <Filter>Header Files\core</Filter>
    </CustomBuild>
    <CustomBuild Include="loopdetector.h">
      <Filter>Header Files\core</Filter>
    </CustomBuild>
    <CustomBuild Include="bottomwnd.h">
      <Filter>Header Files\gui</Filter>
    </CustomBuild>
    <CustomBuild Include="qcustomplot.h">
      <Filter>Header Files\core</Filter>
    </CustomBuild>
    <CustomBuild Include="videoframeitem.h">
      <Filter>Header Files\core</Filter>
    </CustomBuild>
    <CustomBuild Include="toolcoordinateaxis.h">
      <Filter>Header Files\core</Filter>
    </CustomBuild>
    <CustomBuild Include="toolcontrolpoint.h">
      <Filter>Header Files\core</Filter>
    </CustomBuild>
    <CustomBuild Include="tooleditcontrolpoint.h">
      <Filter>Header Files\core</Filter>
    </CustomBuild>
    <CustomBuild Include="ui\coordinateedtwnd.ui">
      <Filter>Form Files</Filter>
    </CustomBuild>
    <CustomBuild Include="coordinateedtwnd.h">
      <Filter>Header Files\gui</Filter>
    </CustomBuild>
    <CustomBuild Include="videoexploreview.h">
      <Filter>Header Files\gui</Filter>
    </CustomBuild>
    <CustomBuild Include="toolsemitracking.h">
      <Filter>Header Files\core</Filter>
    </CustomBuild>
    <CustomBuild Include="newprojectdlg.h">
      <Filter>Header Files\gui</Filter>
    </CustomBuild>
    <CustomBuild Include="ui\newprojectdlg.ui">
      <Filter>Form Files</Filter>
    </CustomBuild>
    <CustomBuild Include="videosemitrackview.h">
      <Filter>Header Files\gui</Filter>
    </CustomBuild>
    <CustomBuild Include="videolooptrackview.h">
      <Filter>Header Files\gui</Filter>
    </CustomBuild>
    <CustomBuild Include="videoviewbase.h">
      <Filter>Header Files\gui</Filter>
    </CustomBuild>
    <CustomBuild Include="toolmovetrackmark.h">
      <Filter>Header Files\core</Filter>
    </CustomBuild>
    <CustomBuild Include="tooldeletetrackmark.h">
      <Filter>Header Files\core</Filter>
    </CustomBuild>
    <CustomBuild Include="tooledittrackmark.h">
      <Filter>Header Files\core</Filter>
    </CustomBuild>
    <CustomBuild Include="toolcopytrackmark.h">
      <Filter>Header Files\core</Filter>
    </CustomBuild>
    <CustomBuild Include="trajectorypoint.h">
      <Filter>Header Files\core</Filter>
    </CustomBuild>
    <CustomBuild Include="trajedtdlg.h">
      <Filter>Header Files\gui</Filter>
    </CustomBuild>
    <CustomBuild Include="ui\trajedtdlg.ui">
      <Filter>Form Files</Filter>
    </CustomBuild>
  </ItemGroup>
  <ItemGroup>
    <ClInclude Include="GeneratedFiles\ui_bottomwnd.h">
      <Filter>Generated Files</Filter>
    </ClInclude>
    <ClInclude Include="GeneratedFiles\ui_globalsettingdlg.h">
      <Filter>Generated Files</Filter>
    </ClInclude>
    <ClInclude Include="GeneratedFiles\ui_mainwindow.h">
      <Filter>Generated Files</Filter>
    </ClInclude>
    <ClInclude Include="GeneratedFiles\ui_resolutionmeasuredlg.h">
      <Filter>Generated Files</Filter>
    </ClInclude>
    <ClInclude Include="pub.h">
      <Filter>Header Files</Filter>
    </ClInclude>
    <ClInclude Include="GeneratedFiles\ui_matwnd.h">
      <Filter>Generated Files</Filter>
    </ClInclude>
    <ClInclude Include="GeneratedFiles\ui_progressdlg.h">
      <Filter>Generated Files</Filter>
    </ClInclude>
    <ClInclude Include="GeneratedFiles\ui_plotwnd.h">
      <Filter>Generated Files</Filter>
    </ClInclude>
    <ClInclude Include="GeneratedFiles\ui_coordinateedtwnd.h">
      <Filter>Generated Files</Filter>
    </ClInclude>
    <ClInclude Include="GeneratedFiles\ui_newprojectdlg.h">
      <Filter>Generated Files</Filter>
    </ClInclude>
    <ClInclude Include="projectfile.h">
      <Filter>Header Files\gui</Filter>
    </ClInclude>
    <ClInclude Include="GeneratedFiles\ui_trajedtdlg.h">
      <Filter>Generated Files</Filter>
    </ClInclude>
  </ItemGroup>
  <ItemGroup>
    <None Include="doc\manual.docx">
      <Filter>doc</Filter>
    </None>
    <None Include="doc\manual.pdf">
      <Filter>doc</Filter>
    </None>
    <None Include="image\pan_map.PNG">
      <Filter>image</Filter>
    </None>
    <None Include="image\pause.PNG">
      <Filter>image</Filter>
    </None>
    <None Include="image\scale_window.PNG">
      <Filter>image</Filter>
    </None>
    <None Include="image\start.PNG">
      <Filter>image</Filter>
    </None>
    <None Include="image\stop.PNG">
      <Filter>image</Filter>
    </None>
    <None Include="image\zoom_full.PNG">
      <Filter>image</Filter>
    </None>
    <None Include="ClassDiagram1.cd" />
    <None Include="C:\Users\Liye Zhang\Desktop\next_step.PNG">
      <Filter>image</Filter>
    </None>
    <None Include="ClassDiagram11.cd" />
  </ItemGroup>
</Project>